
Microsoft Visual Studio Solution File, Format Version 12.00
# Visual Studio Version 16
VisualStudioVersion = 16.0.29920.165
MinimumVisualStudioVersion = 10.0.40219.1
Project("{9A19103F-16F7-4668-BE54-9A1E7A4F7556}") = "UserManagementApplication", "UserManagementApplication\UserManagementApplication.csproj", "{07C5A9E0-7131-4A56-97B3-54F6E58AB707}"
EndProject
Project("{9A19103F-16F7-4668-BE54-9A1E7A4F7556}") = "UserManagementBL", "UserManagementBL\UserManagementBL.csproj", "{81F4FFBF-9DA3-49B6-8E3C-EBECC6A12313}"
EndProject
Project("{9A19103F-16F7-4668-BE54-9A1E7A4F7556}") = "UserManagementCL", "UserManagementCL\UserManagementCL.csproj", "{9FC9E2FE-D07A-43A6-AC7A-3E0463AB0BAF}"
EndProject
Project("{9A19103F-16F7-4668-BE54-9A1E7A4F7556}") = "UserManagementRL", "UserManagementRL\UserManagementRL.csproj", "{4CC7CD00-C168-4116-A53B-D3C34F246B0C}"
EndProject
Project("{FAE04EC0-301F-11D3-BF4B-00C04F79EFBC}") = "UserManagementTest", "UserManagementTest\UserManagementTest.csproj", "{59CA89B9-58E6-43DA-96A2-BA21B06D9C54}"
EndProject
Global
	GlobalSection(SolutionConfigurationPlatforms) = preSolution
		Debug|Any CPU = Debug|Any CPU
		Release|Any CPU = Release|Any CPU
	EndGlobalSection
	GlobalSection(ProjectConfigurationPlatforms) = postSolution
		{07C5A9E0-7131-4A56-97B3-54F6E58AB707}.Debug|Any CPU.ActiveCfg = Debug|Any CPU
		{07C5A9E0-7131-4A56-97B3-54F6E58AB707}.Debug|Any CPU.Build.0 = Debug|Any CPU
		{07C5A9E0-7131-4A56-97B3-54F6E58AB707}.Release|Any CPU.ActiveCfg = Release|Any CPU
		{07C5A9E0-7131-4A56-97B3-54F6E58AB707}.Release|Any CPU.Build.0 = Release|Any CPU
		{81F4FFBF-9DA3-49B6-8E3C-EBECC6A12313}.Debug|Any CPU.ActiveCfg = Debug|Any CPU
		{81F4FFBF-9DA3-49B6-8E3C-EBECC6A12313}.Debug|Any CPU.Build.0 = Debug|Any CPU
		{81F4FFBF-9DA3-49B6-8E3C-EBECC6A12313}.Release|Any CPU.ActiveCfg = Release|Any CPU
		{81F4FFBF-9DA3-49B6-8E3C-EBECC6A12313}.Release|Any CPU.Build.0 = Release|Any CPU
		{9FC9E2FE-D07A-43A6-AC7A-3E0463AB0BAF}.Debug|Any CPU.ActiveCfg = Debug|Any CPU
		{9FC9E2FE-D07A-43A6-AC7A-3E0463AB0BAF}.Debug|Any CPU.Build.0 = Debug|Any CPU
		{9FC9E2FE-D07A-43A6-AC7A-3E0463AB0BAF}.Release|Any CPU.ActiveCfg = Release|Any CPU
		{9FC9E2FE-D07A-43A6-AC7A-3E0463AB0BAF}.Release|Any CPU.Build.0 = Release|Any CPU
		{4CC7CD00-C168-4116-A53B-D3C34F246B0C}.Debug|Any CPU.ActiveCfg = Debug|Any CPU
		{4CC7CD00-C168-4116-A53B-D3C34F246B0C}.Debug|Any CPU.Build.0 = Debug|Any CPU
		{4CC7CD00-C168-4116-A53B-D3C34F246B0C}.Release|Any CPU.ActiveCfg = Release|Any CPU
		{4CC7CD00-C168-4116-A53B-D3C34F246B0C}.Release|Any CPU.Build.0 = Release|Any CPU
		{59CA89B9-58E6-43DA-96A2-BA21B06D9C54}.Debug|Any CPU.ActiveCfg = Debug|Any CPU
		{59CA89B9-58E6-43DA-96A2-BA21B06D9C54}.Debug|Any CPU.Build.0 = Debug|Any CPU
		{59CA89B9-58E6-43DA-96A2-BA21B06D9C54}.Release|Any CPU.ActiveCfg = Release|Any CPU
		{59CA89B9-58E6-43DA-96A2-BA21B06D9C54}.Release|Any CPU.Build.0 = Release|Any CPU
	EndGlobalSection
	GlobalSection(SolutionProperties) = preSolution
		HideSolutionNode = FALSE
	EndGlobalSection
	GlobalSection(ExtensibilityGlobals) = postSolution
		SolutionGuid = {CA44B22C-EEF0-4D38-80AA-43F65175B059}
	EndGlobalSection
EndGlobal
